{
  "name": "nuxt-dropzone",
  "version": "1.0.0",
  "lockfileVersion": 1,
  "dependencies": {
    "dropzone": {
      "version": "5.2.0",
      "resolved": "https://registry.npmjs.org/dropzone/-/dropzone-5.2.0.tgz",
      "integrity": "sha1-L99qxkcvTGLQPT6fwiqqAinSmd4="
    },
    "vue": {
      "version": "2.4.4",
      "resolved": "https://registry.npmjs.org/vue/-/vue-2.4.4.tgz",
      "integrity": "sha512-PCiRmc8ZT1DD5+BN8QUAmnkBefcCLfZVSuhc1u7iu5JoPrSHyyk/+4nehm7k2xVMi8+RFLk5WIHAN14UKF0txw=="
    },
    "vue2-dropzone": {
      "version": "2.3.6",
      "resolved": "https://registry.npmjs.org/vue2-dropzone/-/vue2-dropzone-2.3.6.tgz",
      "integrity": "sha512-2UJuz2UYlmFGg/9kLS7fLHqYN8OCHbjZVWWB+2XIzULJ2H3MM98305KrzAY0jT1AaBP6g4xLxVL8rEJ5DT0bKA=="
    }
  }
}
